# THIS IS AN AUTOGENERATED FILE. DO NOT EDIT THIS FILE DIRECTLY.
# yarn lockfile v1


"@babel/helper-annotate-as-pure@^7.16.0":
  version "7.16.0"
  resolved "https://registry.yarnpkg.com/@babel/helper-annotate-as-pure/-/helper-annotate-as-pure-7.16.0.tgz#9a1f0ebcda53d9a2d00108c4ceace6a5d5f1f08d"
  integrity sha512-ItmYF9vR4zA8cByDocY05o0LGUkp1zhbTQOH1NFyl5xXEqlTJQCEJjieriw+aFpxo16swMxUnUiKS7a/r4vtHg==
  dependencies:
    "@babel/types" "^7.16.0"

"@babel/helper-module-imports@^7.16.0":
  version "7.16.0"
  resolved "https://registry.yarnpkg.com/@babel/helper-module-imports/-/helper-module-imports-7.16.0.tgz#90538e60b672ecf1b448f5f4f5433d37e79a3ec3"
  integrity sha512-kkH7sWzKPq0xt3H1n+ghb4xEMP8k0U7XV3kkB+ZGy69kDk2ySFW1qPi06sjKzFY3t1j6XbJSqr4mF9L7CYVyhg==
  dependencies:
    "@babel/types" "^7.16.0"

"@babel/helper-plugin-utils@^7.14.5":
  version "7.14.5"
  resolved "https://registry.yarnpkg.com/@babel/helper-plugin-utils/-/helper-plugin-utils-7.14.5.tgz#5ac822ce97eec46741ab70a517971e443a70c5a9"
  integrity sha512-/37qQCE3K0vvZKwoK4XU/irIJQdIfCJuhU5eKnNxpFDsOkgFaUAwbv+RYw6eYgsC0E4hS7r5KqGULUogqui0fQ==

"@babel/helper-validator-identifier@^7.15.7":
  version "7.15.7"
  resolved "https://registry.yarnpkg.com/@babel/helper-validator-identifier/-/helper-validator-identifier-7.15.7.tgz#220df993bfe904a4a6b02ab4f3385a5ebf6e2389"
  integrity sha512-K4JvCtQqad9OY2+yTU8w+E82ywk/fe+ELNlt1G8z3bVGlZfn/hOcQQsUhGhW/N+tb3fxK800wLtKOE/aM0m72w==

"@babel/plugin-syntax-jsx@^7.16.0":
  version "7.16.0"
  resolved "https://registry.yarnpkg.com/@babel/plugin-syntax-jsx/-/plugin-syntax-jsx-7.16.0.tgz#f9624394317365a9a88c82358d3f8471154698f1"
  integrity sha512-8zv2+xiPHwly31RK4RmnEYY5zziuF3O7W2kIDW+07ewWDh6Oi0dRq8kwvulRkFgt6DB97RlKs5c1y068iPlCUg==
  dependencies:
    "@babel/helper-plugin-utils" "^7.14.5"

"@babel/plugin-transform-react-jsx@^7.16.0":
  version "7.16.0"
  resolved "https://registry.yarnpkg.com/@babel/plugin-transform-react-jsx/-/plugin-transform-react-jsx-7.16.0.tgz#55b797d4960c3de04e07ad1c0476e2bc6a4889f1"
  integrity sha512-rqDgIbukZ44pqq7NIRPGPGNklshPkvlmvqjdx3OZcGPk4zGIenYkxDTvl3LsSL8gqcc3ZzGmXPE6hR/u/voNOw==
  dependencies:
    "@babel/helper-annotate-as-pure" "^7.16.0"
    "@babel/helper-module-imports" "^7.16.0"
    "@babel/helper-plugin-utils" "^7.14.5"
    "@babel/plugin-syntax-jsx" "^7.16.0"
    "@babel/types" "^7.16.0"

"@babel/types@^7.16.0":
  version "7.16.0"
  resolved "https://registry.yarnpkg.com/@babel/types/-/types-7.16.0.tgz#db3b313804f96aadd0b776c4823e127ad67289ba"
  integrity sha512-PJgg/k3SdLsGb3hhisFvtLOw5ts113klrpLuIPtCJIU+BB24fqq6lf8RWqKJEjzqXR9AEH1rIb5XTqwBHB+kQg==
  dependencies:
    "@babel/helper-validator-identifier" "^7.15.7"
    to-fast-properties "^2.0.0"

acorn-jsx@^5.3.2:
  version "5.3.2"
  resolved "https://registry.yarnpkg.com/acorn-jsx/-/acorn-jsx-5.3.2.tgz#7ed5bb55908b3b2f1bc55c6af1653bada7f07937"
  integrity sha512-rq9s+JNhf0IChjtDXxllJ7g41oZk5SlXtp0LHwyA5cejwn7vKmKp4pPri6YEePv2PU65sAsegbXtIinmDFDXgQ==

acorn@^8.6.0:
  version "8.6.0"
  resolved "https://registry.yarnpkg.com/acorn/-/acorn-8.6.0.tgz#e3692ba0eb1a0c83eaa4f37f5fa7368dd7142895"
  integrity sha512-U1riIR+lBSNi3IbxtaHOIKdH8sLFv3NYfNv8sg7ZsNhcfl4HF2++BfqqrNAxoCLQW1iiylOj76ecnaUxz+z9yw==

astring@^1.8.1:
  version "1.8.1"
  resolved "https://registry.yarnpkg.com/astring/-/astring-1.8.1.tgz#a91c4afd4af3523e11f31242a3d5d9af62bb6cc6"
  integrity sha512-Aj3mbwVzj7Vve4I/v2JYOPFkCGM2YS7OqQTNSxmUR+LECRpokuPgAYghePgr6SALDo5bD5DlfbSaYjOzGJZOLQ==

babel@^6.23.0:
  version "6.23.0"
  resolved "https://registry.yarnpkg.com/babel/-/babel-6.23.0.tgz#d0d1e7d803e974765beea3232d4e153c0efb90f4"
  integrity sha1-0NHn2APpdHZb7qMjLU4VPA77kPQ=

to-fast-properties@^2.0.0:
  version "2.0.0"
  resolved "https://registry.yarnpkg.com/to-fast-properties/-/to-fast-properties-2.0.0.tgz#dc5e698cbd079265bc73e0377681a4e4e83f616e"
  integrity sha1-3F5pjL0HkmW8c+A3doGk5Og/YW4=
